
Microsoft Visual Studio Solution File, Format Version 12.00
# Visual Studio Version 17
VisualStudioVersion = 17.11.35312.102
MinimumVisualStudioVersion = 10.0.40219.1
Project("{8BC9CEB8-8B4A-11D0-8D11-00A0C91BC942}") = "Task1", "Task1\Task1.vcxproj", "{3B6ED9F7-DEAC-42AE-92B2-C785AF77B77C}"
EndProject
Project("{8BC9CEB8-8B4A-11D0-8D11-00A0C91BC942}") = "Task2", "Task2\Task2.vcxproj", "{5DC4ABF3-FD14-474A-9165-701493C03F46}"
EndProject
Project("{8BC9CEB8-8B4A-11D0-8D11-00A0C91BC942}") = "Task3", "Task3\Task3.vcxproj", "{B99004EE-6F11-46C5-8F5B-F8A000712C5A}"
EndProject
Project("{8BC9CEB8-8B4A-11D0-8D11-00A0C91BC942}") = "Task4", "Task4\Task4.vcxproj", "{BFF5C853-CE6A-4145-892C-45B42740B6FC}"
EndProject
Project("{8BC9CEB8-8B4A-11D0-8D11-00A0C91BC942}") = "Task5", "Task5\Task5.vcxproj", "{CEFFE250-E055-4248-82B9-74B83DFD0B05}"
EndProject
Project("{8BC9CEB8-8B4A-11D0-8D11-00A0C91BC942}") = "Task6", "Task6\Task6.vcxproj", "{F9BF7AF4-70E5-4F48-A859-7C15B9813192}"
EndProject
Project("{8BC9CEB8-8B4A-11D0-8D11-00A0C91BC942}") = "Task9", "Task9\Task9.vcxproj", "{CA0550E0-2A9A-4FFB-AD18-D4A26C1F0BC4}"
EndProject
Project("{8BC9CEB8-8B4A-11D0-8D11-00A0C91BC942}") = "Task8", "Task8\Task8.vcxproj", "{6BF08AB7-7C74-47B3-923B-CBCC8DE1C841}"
EndProject
Project("{8BC9CEB8-8B4A-11D0-8D11-00A0C91BC942}") = "Task7", "Task7\Task7.vcxproj", "{1E32EAD9-C260-484D-ACE5-D39EDC50521B}"
EndProject
Project("{8BC9CEB8-8B4A-11D0-8D11-00A0C91BC942}") = "Task10", "Task10\Task10.vcxproj", "{2F2916FB-6D29-4D18-9E4C-030866520FBE}"
EndProject
Global
	GlobalSection(SolutionConfigurationPlatforms) = preSolution
		Debug|x64 = Debug|x64
		Debug|x86 = Debug|x86
		Release|x64 = Release|x64
		Release|x86 = Release|x86
	EndGlobalSection
	GlobalSection(ProjectConfigurationPlatforms) = postSolution
		{3B6ED9F7-DEAC-42AE-92B2-C785AF77B77C}.Debug|x64.ActiveCfg = Debug|x64
		{3B6ED9F7-DEAC-42AE-92B2-C785AF77B77C}.Debug|x64.Build.0 = Debug|x64
		{3B6ED9F7-DEAC-42AE-92B2-C785AF77B77C}.Debug|x86.ActiveCfg = Debug|Win32
		{3B6ED9F7-DEAC-42AE-92B2-C785AF77B77C}.Debug|x86.Build.0 = Debug|Win32
		{3B6ED9F7-DEAC-42AE-92B2-C785AF77B77C}.Release|x64.ActiveCfg = Release|x64
		{3B6ED9F7-DEAC-42AE-92B2-C785AF77B77C}.Release|x64.Build.0 = Release|x64
		{3B6ED9F7-DEAC-42AE-92B2-C785AF77B77C}.Release|x86.ActiveCfg = Release|Win32
		{3B6ED9F7-DEAC-42AE-92B2-C785AF77B77C}.Release|x86.Build.0 = Release|Win32
		{5DC4ABF3-FD14-474A-9165-701493C03F46}.Debug|x64.ActiveCfg = Debug|x64
		{5DC4ABF3-FD14-474A-9165-701493C03F46}.Debug|x64.Build.0 = Debug|x64
		{5DC4ABF3-FD14-474A-9165-701493C03F46}.Debug|x86.ActiveCfg = Debug|Win32
		{5DC4ABF3-FD14-474A-9165-701493C03F46}.Debug|x86.Build.0 = Debug|Win32
		{5DC4ABF3-FD14-474A-9165-701493C03F46}.Release|x64.ActiveCfg = Release|x64
		{5DC4ABF3-FD14-474A-9165-701493C03F46}.Release|x64.Build.0 = Release|x64
		{5DC4ABF3-FD14-474A-9165-701493C03F46}.Release|x86.ActiveCfg = Release|Win32
		{5DC4ABF3-FD14-474A-9165-701493C03F46}.Release|x86.Build.0 = Release|Win32
		{B99004EE-6F11-46C5-8F5B-F8A000712C5A}.Debug|x64.ActiveCfg = Debug|x64
		{B99004EE-6F11-46C5-8F5B-F8A000712C5A}.Debug|x64.Build.0 = Debug|x64
		{B99004EE-6F11-46C5-8F5B-F8A000712C5A}.Debug|x86.ActiveCfg = Debug|Win32
		{B99004EE-6F11-46C5-8F5B-F8A000712C5A}.Debug|x86.Build.0 = Debug|Win32
		{B99004EE-6F11-46C5-8F5B-F8A000712C5A}.Release|x64.ActiveCfg = Release|x64
		{B99004EE-6F11-46C5-8F5B-F8A000712C5A}.Release|x64.Build.0 = Release|x64
		{B99004EE-6F11-46C5-8F5B-F8A000712C5A}.Release|x86.ActiveCfg = Release|Win32
		{B99004EE-6F11-46C5-8F5B-F8A000712C5A}.Release|x86.Build.0 = Release|Win32
		{BFF5C853-CE6A-4145-892C-45B42740B6FC}.Debug|x64.ActiveCfg = Debug|x64
		{BFF5C853-CE6A-4145-892C-45B42740B6FC}.Debug|x64.Build.0 = Debug|x64
		{BFF5C853-CE6A-4145-892C-45B42740B6FC}.Debug|x86.ActiveCfg = Debug|Win32
		{BFF5C853-CE6A-4145-892C-45B42740B6FC}.Debug|x86.Build.0 = Debug|Win32
		{BFF5C853-CE6A-4145-892C-45B42740B6FC}.Release|x64.ActiveCfg = Release|x64
		{BFF5C853-CE6A-4145-892C-45B42740B6FC}.Release|x64.Build.0 = Release|x64
		{BFF5C853-CE6A-4145-892C-45B42740B6FC}.Release|x86.ActiveCfg = Release|Win32
		{BFF5C853-CE6A-4145-892C-45B42740B6FC}.Release|x86.Build.0 = Release|Win32
		{CEFFE250-E055-4248-82B9-74B83DFD0B05}.Debug|x64.ActiveCfg = Debug|x64
		{CEFFE250-E055-4248-82B9-74B83DFD0B05}.Debug|x64.Build.0 = Debug|x64
		{CEFFE250-E055-4248-82B9-74B83DFD0B05}.Debug|x86.ActiveCfg = Debug|Win32
		{CEFFE250-E055-4248-82B9-74B83DFD0B05}.Debug|x86.Build.0 = Debug|Win32
		{CEFFE250-E055-4248-82B9-74B83DFD0B05}.Release|x64.ActiveCfg = Release|x64
		{CEFFE250-E055-4248-82B9-74B83DFD0B05}.Release|x64.Build.0 = Release|x64
		{CEFFE250-E055-4248-82B9-74B83DFD0B05}.Release|x86.ActiveCfg = Release|Win32
		{CEFFE250-E055-4248-82B9-74B83DFD0B05}.Release|x86.Build.0 = Release|Win32
		{F9BF7AF4-70E5-4F48-A859-7C15B9813192}.Debug|x64.ActiveCfg = Debug|x64
		{F9BF7AF4-70E5-4F48-A859-7C15B9813192}.Debug|x64.Build.0 = Debug|x64
		{F9BF7AF4-70E5-4F48-A859-7C15B9813192}.Debug|x86.ActiveCfg = Debug|Win32
		{F9BF7AF4-70E5-4F48-A859-7C15B9813192}.Debug|x86.Build.0 = Debug|Win32
		{F9BF7AF4-70E5-4F48-A859-7C15B9813192}.Release|x64.ActiveCfg = Release|x64
		{F9BF7AF4-70E5-4F48-A859-7C15B9813192}.Release|x64.Build.0 = Release|x64
		{F9BF7AF4-70E5-4F48-A859-7C15B9813192}.Release|x86.ActiveCfg = Release|Win32
		{F9BF7AF4-70E5-4F48-A859-7C15B9813192}.Release|x86.Build.0 = Release|Win32
		{CA0550E0-2A9A-4FFB-AD18-D4A26C1F0BC4}.Debug|x64.ActiveCfg = Debug|x64
		{CA0550E0-2A9A-4FFB-AD18-D4A26C1F0BC4}.Debug|x64.Build.0 = Debug|x64
		{CA0550E0-2A9A-4FFB-AD18-D4A26C1F0BC4}.Debug|x86.ActiveCfg = Debug|Win32
		{CA0550E0-2A9A-4FFB-AD18-D4A26C1F0BC4}.Debug|x86.Build.0 = Debug|Win32
		{CA0550E0-2A9A-4FFB-AD18-D4A26C1F0BC4}.Release|x64.ActiveCfg = Release|x64
		{CA0550E0-2A9A-4FFB-AD18-D4A26C1F0BC4}.Release|x64.Build.0 = Release|x64
		{CA0550E0-2A9A-4FFB-AD18-D4A26C1F0BC4}.Release|x86.ActiveCfg = Release|Win32
		{CA0550E0-2A9A-4FFB-AD18-D4A26C1F0BC4}.Release|x86.Build.0 = Release|Win32
		{6BF08AB7-7C74-47B3-923B-CBCC8DE1C841}.Debug|x64.ActiveCfg = Debug|x64
		{6BF08AB7-7C74-47B3-923B-CBCC8DE1C841}.Debug|x64.Build.0 = Debug|x64
		{6BF08AB7-7C74-47B3-923B-CBCC8DE1C841}.Debug|x86.ActiveCfg = Debug|Win32
		{6BF08AB7-7C74-47B3-923B-CBCC8DE1C841}.Debug|x86.Build.0 = Debug|Win32
		{6BF08AB7-7C74-47B3-923B-CBCC8DE1C841}.Release|x64.ActiveCfg = Release|x64
		{6BF08AB7-7C74-47B3-923B-CBCC8DE1C841}.Release|x64.Build.0 = Release|x64
		{6BF08AB7-7C74-47B3-923B-CBCC8DE1C841}.Release|x86.ActiveCfg = Release|Win32
		{6BF08AB7-7C74-47B3-923B-CBCC8DE1C841}.Release|x86.Build.0 = Release|Win32
		{1E32EAD9-C260-484D-ACE5-D39EDC50521B}.Debug|x64.ActiveCfg = Debug|x64
		{1E32EAD9-C260-484D-ACE5-D39EDC50521B}.Debug|x64.Build.0 = Debug|x64
		{1E32EAD9-C260-484D-ACE5-D39EDC50521B}.Debug|x86.ActiveCfg = Debug|Win32
		{1E32EAD9-C260-484D-ACE5-D39EDC50521B}.Debug|x86.Build.0 = Debug|Win32
		{1E32EAD9-C260-484D-ACE5-D39EDC50521B}.Release|x64.ActiveCfg = Release|x64
		{1E32EAD9-C260-484D-ACE5-D39EDC50521B}.Release|x64.Build.0 = Release|x64
		{1E32EAD9-C260-484D-ACE5-D39EDC50521B}.Release|x86.ActiveCfg = Release|Win32
		{1E32EAD9-C260-484D-ACE5-D39EDC50521B}.Release|x86.Build.0 = Release|Win32
		{2F2916FB-6D29-4D18-9E4C-030866520FBE}.Debug|x64.ActiveCfg = Debug|x64
		{2F2916FB-6D29-4D18-9E4C-030866520FBE}.Debug|x64.Build.0 = Debug|x64
		{2F2916FB-6D29-4D18-9E4C-030866520FBE}.Debug|x86.ActiveCfg = Debug|Win32
		{2F2916FB-6D29-4D18-9E4C-030866520FBE}.Debug|x86.Build.0 = Debug|Win32
		{2F2916FB-6D29-4D18-9E4C-030866520FBE}.Release|x64.ActiveCfg = Release|x64
		{2F2916FB-6D29-4D18-9E4C-030866520FBE}.Release|x64.Build.0 = Release|x64
		{2F2916FB-6D29-4D18-9E4C-030866520FBE}.Release|x86.ActiveCfg = Release|Win32
		{2F2916FB-6D29-4D18-9E4C-030866520FBE}.Release|x86.Build.0 = Release|Win32
	EndGlobalSection
	GlobalSection(SolutionProperties) = preSolution
		HideSolutionNode = FALSE
	EndGlobalSection
	GlobalSection(ExtensibilityGlobals) = postSolution
		SolutionGuid = {DF3B4A73-517F-448C-AA9C-EA98A2CD0391}
	EndGlobalSection
EndGlobal
