
Microsoft Visual Studio Solution File, Format Version 12.00
# Visual Studio Version 17
VisualStudioVersion = 17.11.35312.102
MinimumVisualStudioVersion = 10.0.40219.1
Project("{8BC9CEB8-8B4A-11D0-8D11-00A0C91BC942}") = "Task 1", "Project1\Project1.vcxproj", "{35E1094E-ECD4-4FE7-8392-C75E244879FE}"
EndProject
Project("{8BC9CEB8-8B4A-11D0-8D11-00A0C91BC942}") = "Task2", "Project2\Project2.vcxproj", "{BCCBC1B6-F674-4266-80A2-1FC47CA1C20E}"
EndProject
Project("{8BC9CEB8-8B4A-11D0-8D11-00A0C91BC942}") = "Task3", "Project3\Project3.vcxproj", "{4E88972C-823F-41E0-9C27-5C4ECA90D15F}"
EndProject
Project("{8BC9CEB8-8B4A-11D0-8D11-00A0C91BC942}") = "Task4", "Task4\Task4.vcxproj", "{619EB7CC-6318-4297-989C-D0E506E62E16}"
EndProject
Project("{8BC9CEB8-8B4A-11D0-8D11-00A0C91BC942}") = "Task5", "Task5\Task5.vcxproj", "{07C9E8C8-7995-4291-B8CB-BB8C4942953A}"
EndProject
Project("{8BC9CEB8-8B4A-11D0-8D11-00A0C91BC942}") = "Task6", "Task6\Task6.vcxproj", "{5AB27B26-9E67-46E4-BCBE-F6F912302518}"
EndProject
Project("{8BC9CEB8-8B4A-11D0-8D11-00A0C91BC942}") = "Task7", "Task7\Task7.vcxproj", "{4A1E5443-37FA-4BB7-AEA0-CF00DF720492}"
EndProject
Project("{8BC9CEB8-8B4A-11D0-8D11-00A0C91BC942}") = "Task8", "Task8\Task8.vcxproj", "{B182CCB0-04DD-48CF-9744-B9938512685E}"
EndProject
Project("{8BC9CEB8-8B4A-11D0-8D11-00A0C91BC942}") = "Task9", "Task9\Task9.vcxproj", "{D82A0CDB-6F71-45EB-BA38-86B13B385E21}"
EndProject
Project("{8BC9CEB8-8B4A-11D0-8D11-00A0C91BC942}") = "Task10", "Task10\Task10.vcxproj", "{76F1AF91-8C24-4CDF-A9FB-5C1341FC6AB4}"
EndProject
Global
	GlobalSection(SolutionConfigurationPlatforms) = preSolution
		Debug|x64 = Debug|x64
		Debug|x86 = Debug|x86
		Release|x64 = Release|x64
		Release|x86 = Release|x86
	EndGlobalSection
	GlobalSection(ProjectConfigurationPlatforms) = postSolution
		{35E1094E-ECD4-4FE7-8392-C75E244879FE}.Debug|x64.ActiveCfg = Debug|x64
		{35E1094E-ECD4-4FE7-8392-C75E244879FE}.Debug|x64.Build.0 = Debug|x64
		{35E1094E-ECD4-4FE7-8392-C75E244879FE}.Debug|x86.ActiveCfg = Debug|Win32
		{35E1094E-ECD4-4FE7-8392-C75E244879FE}.Debug|x86.Build.0 = Debug|Win32
		{35E1094E-ECD4-4FE7-8392-C75E244879FE}.Release|x64.ActiveCfg = Release|x64
		{35E1094E-ECD4-4FE7-8392-C75E244879FE}.Release|x64.Build.0 = Release|x64
		{35E1094E-ECD4-4FE7-8392-C75E244879FE}.Release|x86.ActiveCfg = Release|Win32
		{35E1094E-ECD4-4FE7-8392-C75E244879FE}.Release|x86.Build.0 = Release|Win32
		{BCCBC1B6-F674-4266-80A2-1FC47CA1C20E}.Debug|x64.ActiveCfg = Debug|x64
		{BCCBC1B6-F674-4266-80A2-1FC47CA1C20E}.Debug|x64.Build.0 = Debug|x64
		{BCCBC1B6-F674-4266-80A2-1FC47CA1C20E}.Debug|x86.ActiveCfg = Debug|Win32
		{BCCBC1B6-F674-4266-80A2-1FC47CA1C20E}.Debug|x86.Build.0 = Debug|Win32
		{BCCBC1B6-F674-4266-80A2-1FC47CA1C20E}.Release|x64.ActiveCfg = Release|x64
		{BCCBC1B6-F674-4266-80A2-1FC47CA1C20E}.Release|x64.Build.0 = Release|x64
		{BCCBC1B6-F674-4266-80A2-1FC47CA1C20E}.Release|x86.ActiveCfg = Release|Win32
		{BCCBC1B6-F674-4266-80A2-1FC47CA1C20E}.Release|x86.Build.0 = Release|Win32
		{4E88972C-823F-41E0-9C27-5C4ECA90D15F}.Debug|x64.ActiveCfg = Debug|x64
		{4E88972C-823F-41E0-9C27-5C4ECA90D15F}.Debug|x64.Build.0 = Debug|x64
		{4E88972C-823F-41E0-9C27-5C4ECA90D15F}.Debug|x86.ActiveCfg = Debug|Win32
		{4E88972C-823F-41E0-9C27-5C4ECA90D15F}.Debug|x86.Build.0 = Debug|Win32
		{4E88972C-823F-41E0-9C27-5C4ECA90D15F}.Release|x64.ActiveCfg = Release|x64
		{4E88972C-823F-41E0-9C27-5C4ECA90D15F}.Release|x64.Build.0 = Release|x64
		{4E88972C-823F-41E0-9C27-5C4ECA90D15F}.Release|x86.ActiveCfg = Release|Win32
		{4E88972C-823F-41E0-9C27-5C4ECA90D15F}.Release|x86.Build.0 = Release|Win32
		{619EB7CC-6318-4297-989C-D0E506E62E16}.Debug|x64.ActiveCfg = Debug|x64
		{619EB7CC-6318-4297-989C-D0E506E62E16}.Debug|x64.Build.0 = Debug|x64
		{619EB7CC-6318-4297-989C-D0E506E62E16}.Debug|x86.ActiveCfg = Debug|Win32
		{619EB7CC-6318-4297-989C-D0E506E62E16}.Debug|x86.Build.0 = Debug|Win32
		{619EB7CC-6318-4297-989C-D0E506E62E16}.Release|x64.ActiveCfg = Release|x64
		{619EB7CC-6318-4297-989C-D0E506E62E16}.Release|x64.Build.0 = Release|x64
		{619EB7CC-6318-4297-989C-D0E506E62E16}.Release|x86.ActiveCfg = Release|Win32
		{619EB7CC-6318-4297-989C-D0E506E62E16}.Release|x86.Build.0 = Release|Win32
		{07C9E8C8-7995-4291-B8CB-BB8C4942953A}.Debug|x64.ActiveCfg = Debug|x64
		{07C9E8C8-7995-4291-B8CB-BB8C4942953A}.Debug|x64.Build.0 = Debug|x64
		{07C9E8C8-7995-4291-B8CB-BB8C4942953A}.Debug|x86.ActiveCfg = Debug|Win32
		{07C9E8C8-7995-4291-B8CB-BB8C4942953A}.Debug|x86.Build.0 = Debug|Win32
		{07C9E8C8-7995-4291-B8CB-BB8C4942953A}.Release|x64.ActiveCfg = Release|x64
		{07C9E8C8-7995-4291-B8CB-BB8C4942953A}.Release|x64.Build.0 = Release|x64
		{07C9E8C8-7995-4291-B8CB-BB8C4942953A}.Release|x86.ActiveCfg = Release|Win32
		{07C9E8C8-7995-4291-B8CB-BB8C4942953A}.Release|x86.Build.0 = Release|Win32
		{5AB27B26-9E67-46E4-BCBE-F6F912302518}.Debug|x64.ActiveCfg = Debug|x64
		{5AB27B26-9E67-46E4-BCBE-F6F912302518}.Debug|x64.Build.0 = Debug|x64
		{5AB27B26-9E67-46E4-BCBE-F6F912302518}.Debug|x86.ActiveCfg = Debug|Win32
		{5AB27B26-9E67-46E4-BCBE-F6F912302518}.Debug|x86.Build.0 = Debug|Win32
		{5AB27B26-9E67-46E4-BCBE-F6F912302518}.Release|x64.ActiveCfg = Release|x64
		{5AB27B26-9E67-46E4-BCBE-F6F912302518}.Release|x64.Build.0 = Release|x64
		{5AB27B26-9E67-46E4-BCBE-F6F912302518}.Release|x86.ActiveCfg = Release|Win32
		{5AB27B26-9E67-46E4-BCBE-F6F912302518}.Release|x86.Build.0 = Release|Win32
		{4A1E5443-37FA-4BB7-AEA0-CF00DF720492}.Debug|x64.ActiveCfg = Debug|x64
		{4A1E5443-37FA-4BB7-AEA0-CF00DF720492}.Debug|x64.Build.0 = Debug|x64
		{4A1E5443-37FA-4BB7-AEA0-CF00DF720492}.Debug|x86.ActiveCfg = Debug|Win32
		{4A1E5443-37FA-4BB7-AEA0-CF00DF720492}.Debug|x86.Build.0 = Debug|Win32
		{4A1E5443-37FA-4BB7-AEA0-CF00DF720492}.Release|x64.ActiveCfg = Release|x64
		{4A1E5443-37FA-4BB7-AEA0-CF00DF720492}.Release|x64.Build.0 = Release|x64
		{4A1E5443-37FA-4BB7-AEA0-CF00DF720492}.Release|x86.ActiveCfg = Release|Win32
		{4A1E5443-37FA-4BB7-AEA0-CF00DF720492}.Release|x86.Build.0 = Release|Win32
		{B182CCB0-04DD-48CF-9744-B9938512685E}.Debug|x64.ActiveCfg = Debug|x64
		{B182CCB0-04DD-48CF-9744-B9938512685E}.Debug|x64.Build.0 = Debug|x64
		{B182CCB0-04DD-48CF-9744-B9938512685E}.Debug|x86.ActiveCfg = Debug|Win32
		{B182CCB0-04DD-48CF-9744-B9938512685E}.Debug|x86.Build.0 = Debug|Win32
		{B182CCB0-04DD-48CF-9744-B9938512685E}.Release|x64.ActiveCfg = Release|x64
		{B182CCB0-04DD-48CF-9744-B9938512685E}.Release|x64.Build.0 = Release|x64
		{B182CCB0-04DD-48CF-9744-B9938512685E}.Release|x86.ActiveCfg = Release|Win32
		{B182CCB0-04DD-48CF-9744-B9938512685E}.Release|x86.Build.0 = Release|Win32
		{D82A0CDB-6F71-45EB-BA38-86B13B385E21}.Debug|x64.ActiveCfg = Debug|x64
		{D82A0CDB-6F71-45EB-BA38-86B13B385E21}.Debug|x64.Build.0 = Debug|x64
		{D82A0CDB-6F71-45EB-BA38-86B13B385E21}.Debug|x86.ActiveCfg = Debug|Win32
		{D82A0CDB-6F71-45EB-BA38-86B13B385E21}.Debug|x86.Build.0 = Debug|Win32
		{D82A0CDB-6F71-45EB-BA38-86B13B385E21}.Release|x64.ActiveCfg = Release|x64
		{D82A0CDB-6F71-45EB-BA38-86B13B385E21}.Release|x64.Build.0 = Release|x64
		{D82A0CDB-6F71-45EB-BA38-86B13B385E21}.Release|x86.ActiveCfg = Release|Win32
		{D82A0CDB-6F71-45EB-BA38-86B13B385E21}.Release|x86.Build.0 = Release|Win32
		{76F1AF91-8C24-4CDF-A9FB-5C1341FC6AB4}.Debug|x64.ActiveCfg = Debug|x64
		{76F1AF91-8C24-4CDF-A9FB-5C1341FC6AB4}.Debug|x64.Build.0 = Debug|x64
		{76F1AF91-8C24-4CDF-A9FB-5C1341FC6AB4}.Debug|x86.ActiveCfg = Debug|Win32
		{76F1AF91-8C24-4CDF-A9FB-5C1341FC6AB4}.Debug|x86.Build.0 = Debug|Win32
		{76F1AF91-8C24-4CDF-A9FB-5C1341FC6AB4}.Release|x64.ActiveCfg = Release|x64
		{76F1AF91-8C24-4CDF-A9FB-5C1341FC6AB4}.Release|x64.Build.0 = Release|x64
		{76F1AF91-8C24-4CDF-A9FB-5C1341FC6AB4}.Release|x86.ActiveCfg = Release|Win32
		{76F1AF91-8C24-4CDF-A9FB-5C1341FC6AB4}.Release|x86.Build.0 = Release|Win32
	EndGlobalSection
	GlobalSection(SolutionProperties) = preSolution
		HideSolutionNode = FALSE
	EndGlobalSection
	GlobalSection(ExtensibilityGlobals) = postSolution
		SolutionGuid = {C40741A2-4994-489D-9C28-2CE202BEBCA0}
	EndGlobalSection
EndGlobal
