
Microsoft Visual Studio Solution File, Format Version 12.00
# Visual Studio Version 17
VisualStudioVersion = 17.11.35312.102
MinimumVisualStudioVersion = 10.0.40219.1
Project("{8BC9CEB8-8B4A-11D0-8D11-00A0C91BC942}") = "Task1", "05.10.2024-homework-3\05.10.2024-homework-3.vcxproj", "{1E2E3C8C-390D-4775-BF89-64A3C79346D2}"
EndProject
Project("{8BC9CEB8-8B4A-11D0-8D11-00A0C91BC942}") = "Task2", "Task2\Task2.vcxproj", "{536195CC-2AA4-47EA-81DE-B024A23D9AD2}"
EndProject
Project("{8BC9CEB8-8B4A-11D0-8D11-00A0C91BC942}") = "Task3", "Task3\Task3.vcxproj", "{20D0747F-4B28-4586-869D-D8B257562179}"
EndProject
Project("{8BC9CEB8-8B4A-11D0-8D11-00A0C91BC942}") = "Task4", "Task4\Task4.vcxproj", "{DC0F0150-1307-470B-A239-8113964EB644}"
EndProject
Project("{8BC9CEB8-8B4A-11D0-8D11-00A0C91BC942}") = "Task5", "Task5\Task5.vcxproj", "{DB6F4D5A-4C33-4542-AD43-C16CB23D9DE2}"
EndProject
Project("{8BC9CEB8-8B4A-11D0-8D11-00A0C91BC942}") = "Task6", "Task6\Task6.vcxproj", "{540A85FC-2DA1-45AE-A062-06F946307505}"
EndProject
Project("{8BC9CEB8-8B4A-11D0-8D11-00A0C91BC942}") = "Task7", "Task7\Task7.vcxproj", "{11D9ABB6-E66D-4028-B6F2-3CFAE81620A0}"
EndProject
Project("{8BC9CEB8-8B4A-11D0-8D11-00A0C91BC942}") = "Task8", "Task8\Task8.vcxproj", "{76D3C8F0-D5C5-4609-8BAE-EA8DB3817C87}"
EndProject
Project("{8BC9CEB8-8B4A-11D0-8D11-00A0C91BC942}") = "Task9", "Task9\Task9.vcxproj", "{98889894-EC88-4507-BB68-59EEBE2A92E0}"
EndProject
Project("{8BC9CEB8-8B4A-11D0-8D11-00A0C91BC942}") = "Task10", "Task10\Task10.vcxproj", "{0FD15093-4AEA-4CC1-B967-41B2EFE140C9}"
EndProject
Global
	GlobalSection(SolutionConfigurationPlatforms) = preSolution
		Debug|x64 = Debug|x64
		Debug|x86 = Debug|x86
		Release|x64 = Release|x64
		Release|x86 = Release|x86
	EndGlobalSection
	GlobalSection(ProjectConfigurationPlatforms) = postSolution
		{1E2E3C8C-390D-4775-BF89-64A3C79346D2}.Debug|x64.ActiveCfg = Debug|x64
		{1E2E3C8C-390D-4775-BF89-64A3C79346D2}.Debug|x64.Build.0 = Debug|x64
		{1E2E3C8C-390D-4775-BF89-64A3C79346D2}.Debug|x86.ActiveCfg = Debug|Win32
		{1E2E3C8C-390D-4775-BF89-64A3C79346D2}.Debug|x86.Build.0 = Debug|Win32
		{1E2E3C8C-390D-4775-BF89-64A3C79346D2}.Release|x64.ActiveCfg = Release|x64
		{1E2E3C8C-390D-4775-BF89-64A3C79346D2}.Release|x64.Build.0 = Release|x64
		{1E2E3C8C-390D-4775-BF89-64A3C79346D2}.Release|x86.ActiveCfg = Release|Win32
		{1E2E3C8C-390D-4775-BF89-64A3C79346D2}.Release|x86.Build.0 = Release|Win32
		{536195CC-2AA4-47EA-81DE-B024A23D9AD2}.Debug|x64.ActiveCfg = Debug|x64
		{536195CC-2AA4-47EA-81DE-B024A23D9AD2}.Debug|x64.Build.0 = Debug|x64
		{536195CC-2AA4-47EA-81DE-B024A23D9AD2}.Debug|x86.ActiveCfg = Debug|Win32
		{536195CC-2AA4-47EA-81DE-B024A23D9AD2}.Debug|x86.Build.0 = Debug|Win32
		{536195CC-2AA4-47EA-81DE-B024A23D9AD2}.Release|x64.ActiveCfg = Release|x64
		{536195CC-2AA4-47EA-81DE-B024A23D9AD2}.Release|x64.Build.0 = Release|x64
		{536195CC-2AA4-47EA-81DE-B024A23D9AD2}.Release|x86.ActiveCfg = Release|Win32
		{536195CC-2AA4-47EA-81DE-B024A23D9AD2}.Release|x86.Build.0 = Release|Win32
		{20D0747F-4B28-4586-869D-D8B257562179}.Debug|x64.ActiveCfg = Debug|x64
		{20D0747F-4B28-4586-869D-D8B257562179}.Debug|x64.Build.0 = Debug|x64
		{20D0747F-4B28-4586-869D-D8B257562179}.Debug|x86.ActiveCfg = Debug|Win32
		{20D0747F-4B28-4586-869D-D8B257562179}.Debug|x86.Build.0 = Debug|Win32
		{20D0747F-4B28-4586-869D-D8B257562179}.Release|x64.ActiveCfg = Release|x64
		{20D0747F-4B28-4586-869D-D8B257562179}.Release|x64.Build.0 = Release|x64
		{20D0747F-4B28-4586-869D-D8B257562179}.Release|x86.ActiveCfg = Release|Win32
		{20D0747F-4B28-4586-869D-D8B257562179}.Release|x86.Build.0 = Release|Win32
		{DC0F0150-1307-470B-A239-8113964EB644}.Debug|x64.ActiveCfg = Debug|x64
		{DC0F0150-1307-470B-A239-8113964EB644}.Debug|x64.Build.0 = Debug|x64
		{DC0F0150-1307-470B-A239-8113964EB644}.Debug|x86.ActiveCfg = Debug|Win32
		{DC0F0150-1307-470B-A239-8113964EB644}.Debug|x86.Build.0 = Debug|Win32
		{DC0F0150-1307-470B-A239-8113964EB644}.Release|x64.ActiveCfg = Release|x64
		{DC0F0150-1307-470B-A239-8113964EB644}.Release|x64.Build.0 = Release|x64
		{DC0F0150-1307-470B-A239-8113964EB644}.Release|x86.ActiveCfg = Release|Win32
		{DC0F0150-1307-470B-A239-8113964EB644}.Release|x86.Build.0 = Release|Win32
		{DB6F4D5A-4C33-4542-AD43-C16CB23D9DE2}.Debug|x64.ActiveCfg = Debug|x64
		{DB6F4D5A-4C33-4542-AD43-C16CB23D9DE2}.Debug|x64.Build.0 = Debug|x64
		{DB6F4D5A-4C33-4542-AD43-C16CB23D9DE2}.Debug|x86.ActiveCfg = Debug|Win32
		{DB6F4D5A-4C33-4542-AD43-C16CB23D9DE2}.Debug|x86.Build.0 = Debug|Win32
		{DB6F4D5A-4C33-4542-AD43-C16CB23D9DE2}.Release|x64.ActiveCfg = Release|x64
		{DB6F4D5A-4C33-4542-AD43-C16CB23D9DE2}.Release|x64.Build.0 = Release|x64
		{DB6F4D5A-4C33-4542-AD43-C16CB23D9DE2}.Release|x86.ActiveCfg = Release|Win32
		{DB6F4D5A-4C33-4542-AD43-C16CB23D9DE2}.Release|x86.Build.0 = Release|Win32
		{540A85FC-2DA1-45AE-A062-06F946307505}.Debug|x64.ActiveCfg = Debug|x64
		{540A85FC-2DA1-45AE-A062-06F946307505}.Debug|x64.Build.0 = Debug|x64
		{540A85FC-2DA1-45AE-A062-06F946307505}.Debug|x86.ActiveCfg = Debug|Win32
		{540A85FC-2DA1-45AE-A062-06F946307505}.Debug|x86.Build.0 = Debug|Win32
		{540A85FC-2DA1-45AE-A062-06F946307505}.Release|x64.ActiveCfg = Release|x64
		{540A85FC-2DA1-45AE-A062-06F946307505}.Release|x64.Build.0 = Release|x64
		{540A85FC-2DA1-45AE-A062-06F946307505}.Release|x86.ActiveCfg = Release|Win32
		{540A85FC-2DA1-45AE-A062-06F946307505}.Release|x86.Build.0 = Release|Win32
		{11D9ABB6-E66D-4028-B6F2-3CFAE81620A0}.Debug|x64.ActiveCfg = Debug|x64
		{11D9ABB6-E66D-4028-B6F2-3CFAE81620A0}.Debug|x64.Build.0 = Debug|x64
		{11D9ABB6-E66D-4028-B6F2-3CFAE81620A0}.Debug|x86.ActiveCfg = Debug|Win32
		{11D9ABB6-E66D-4028-B6F2-3CFAE81620A0}.Debug|x86.Build.0 = Debug|Win32
		{11D9ABB6-E66D-4028-B6F2-3CFAE81620A0}.Release|x64.ActiveCfg = Release|x64
		{11D9ABB6-E66D-4028-B6F2-3CFAE81620A0}.Release|x64.Build.0 = Release|x64
		{11D9ABB6-E66D-4028-B6F2-3CFAE81620A0}.Release|x86.ActiveCfg = Release|Win32
		{11D9ABB6-E66D-4028-B6F2-3CFAE81620A0}.Release|x86.Build.0 = Release|Win32
		{76D3C8F0-D5C5-4609-8BAE-EA8DB3817C87}.Debug|x64.ActiveCfg = Debug|x64
		{76D3C8F0-D5C5-4609-8BAE-EA8DB3817C87}.Debug|x64.Build.0 = Debug|x64
		{76D3C8F0-D5C5-4609-8BAE-EA8DB3817C87}.Debug|x86.ActiveCfg = Debug|Win32
		{76D3C8F0-D5C5-4609-8BAE-EA8DB3817C87}.Debug|x86.Build.0 = Debug|Win32
		{76D3C8F0-D5C5-4609-8BAE-EA8DB3817C87}.Release|x64.ActiveCfg = Release|x64
		{76D3C8F0-D5C5-4609-8BAE-EA8DB3817C87}.Release|x64.Build.0 = Release|x64
		{76D3C8F0-D5C5-4609-8BAE-EA8DB3817C87}.Release|x86.ActiveCfg = Release|Win32
		{76D3C8F0-D5C5-4609-8BAE-EA8DB3817C87}.Release|x86.Build.0 = Release|Win32
		{98889894-EC88-4507-BB68-59EEBE2A92E0}.Debug|x64.ActiveCfg = Debug|x64
		{98889894-EC88-4507-BB68-59EEBE2A92E0}.Debug|x64.Build.0 = Debug|x64
		{98889894-EC88-4507-BB68-59EEBE2A92E0}.Debug|x86.ActiveCfg = Debug|Win32
		{98889894-EC88-4507-BB68-59EEBE2A92E0}.Debug|x86.Build.0 = Debug|Win32
		{98889894-EC88-4507-BB68-59EEBE2A92E0}.Release|x64.ActiveCfg = Release|x64
		{98889894-EC88-4507-BB68-59EEBE2A92E0}.Release|x64.Build.0 = Release|x64
		{98889894-EC88-4507-BB68-59EEBE2A92E0}.Release|x86.ActiveCfg = Release|Win32
		{98889894-EC88-4507-BB68-59EEBE2A92E0}.Release|x86.Build.0 = Release|Win32
		{0FD15093-4AEA-4CC1-B967-41B2EFE140C9}.Debug|x64.ActiveCfg = Debug|x64
		{0FD15093-4AEA-4CC1-B967-41B2EFE140C9}.Debug|x64.Build.0 = Debug|x64
		{0FD15093-4AEA-4CC1-B967-41B2EFE140C9}.Debug|x86.ActiveCfg = Debug|Win32
		{0FD15093-4AEA-4CC1-B967-41B2EFE140C9}.Debug|x86.Build.0 = Debug|Win32
		{0FD15093-4AEA-4CC1-B967-41B2EFE140C9}.Release|x64.ActiveCfg = Release|x64
		{0FD15093-4AEA-4CC1-B967-41B2EFE140C9}.Release|x64.Build.0 = Release|x64
		{0FD15093-4AEA-4CC1-B967-41B2EFE140C9}.Release|x86.ActiveCfg = Release|Win32
		{0FD15093-4AEA-4CC1-B967-41B2EFE140C9}.Release|x86.Build.0 = Release|Win32
	EndGlobalSection
	GlobalSection(SolutionProperties) = preSolution
		HideSolutionNode = FALSE
	EndGlobalSection
	GlobalSection(ExtensibilityGlobals) = postSolution
		SolutionGuid = {1DB143E2-2808-4C6F-A8D1-B835993A214B}
	EndGlobalSection
EndGlobal
