
Microsoft Visual Studio Solution File, Format Version 12.00
# Visual Studio Version 17
VisualStudioVersion = 17.11.35312.102
MinimumVisualStudioVersion = 10.0.40219.1
Project("{8BC9CEB8-8B4A-11D0-8D11-00A0C91BC942}") = "11.10.2024-homework-4", "11.10.2024-homework-4\11.10.2024-homework-4.vcxproj", "{939D0D9A-D052-4831-8E93-8C44B61799E6}"
EndProject
Project("{8BC9CEB8-8B4A-11D0-8D11-00A0C91BC942}") = "Task4", "Task4\Task4.vcxproj", "{8FB0267E-86F0-4B0B-A102-F3ADA23BC04E}"
EndProject
Project("{8BC9CEB8-8B4A-11D0-8D11-00A0C91BC942}") = "Task5", "Task5\Task5.vcxproj", "{CD053219-C737-4266-94A4-E522964DB500}"
EndProject
Project("{8BC9CEB8-8B4A-11D0-8D11-00A0C91BC942}") = "Task1", "Task1\Task1.vcxproj", "{A76A7F2A-A669-467E-91EB-96A2D9A945EA}"
EndProject
Project("{8BC9CEB8-8B4A-11D0-8D11-00A0C91BC942}") = "Task2", "Task2\Task2.vcxproj", "{4C9D47C6-1ED7-49D8-A8D6-E27E98871926}"
EndProject
Project("{8BC9CEB8-8B4A-11D0-8D11-00A0C91BC942}") = "Task3", "Task3\Task3.vcxproj", "{0EE26FA3-4C07-45A1-9ED1-05A012EA47FB}"
EndProject
Project("{8BC9CEB8-8B4A-11D0-8D11-00A0C91BC942}") = "Task6", "Task6\Task6.vcxproj", "{79878837-1CF2-43C4-819B-7DDDC39A4646}"
EndProject
Project("{8BC9CEB8-8B4A-11D0-8D11-00A0C91BC942}") = "Task7", "Task7\Task7.vcxproj", "{5BD9E00C-6F79-451D-AFF7-12B59558D5A4}"
EndProject
Project("{8BC9CEB8-8B4A-11D0-8D11-00A0C91BC942}") = "Task8", "Task8\Task8.vcxproj", "{20065E94-58B0-4798-A062-4CE070122C80}"
EndProject
Project("{8BC9CEB8-8B4A-11D0-8D11-00A0C91BC942}") = "Task9", "Task9\Task9.vcxproj", "{6EF77289-D6C7-484A-A82A-60BE60B055DB}"
EndProject
Project("{8BC9CEB8-8B4A-11D0-8D11-00A0C91BC942}") = "Task10", "Task10\Task10.vcxproj", "{449106D6-14E7-461C-B9CF-653DC055CDA2}"
EndProject
Global
	GlobalSection(SolutionConfigurationPlatforms) = preSolution
		Debug|x64 = Debug|x64
		Debug|x86 = Debug|x86
		Release|x64 = Release|x64
		Release|x86 = Release|x86
	EndGlobalSection
	GlobalSection(ProjectConfigurationPlatforms) = postSolution
		{939D0D9A-D052-4831-8E93-8C44B61799E6}.Debug|x64.ActiveCfg = Debug|x64
		{939D0D9A-D052-4831-8E93-8C44B61799E6}.Debug|x64.Build.0 = Debug|x64
		{939D0D9A-D052-4831-8E93-8C44B61799E6}.Debug|x86.ActiveCfg = Debug|Win32
		{939D0D9A-D052-4831-8E93-8C44B61799E6}.Debug|x86.Build.0 = Debug|Win32
		{939D0D9A-D052-4831-8E93-8C44B61799E6}.Release|x64.ActiveCfg = Release|x64
		{939D0D9A-D052-4831-8E93-8C44B61799E6}.Release|x64.Build.0 = Release|x64
		{939D0D9A-D052-4831-8E93-8C44B61799E6}.Release|x86.ActiveCfg = Release|Win32
		{939D0D9A-D052-4831-8E93-8C44B61799E6}.Release|x86.Build.0 = Release|Win32
		{8FB0267E-86F0-4B0B-A102-F3ADA23BC04E}.Debug|x64.ActiveCfg = Debug|x64
		{8FB0267E-86F0-4B0B-A102-F3ADA23BC04E}.Debug|x64.Build.0 = Debug|x64
		{8FB0267E-86F0-4B0B-A102-F3ADA23BC04E}.Debug|x86.ActiveCfg = Debug|Win32
		{8FB0267E-86F0-4B0B-A102-F3ADA23BC04E}.Debug|x86.Build.0 = Debug|Win32
		{8FB0267E-86F0-4B0B-A102-F3ADA23BC04E}.Release|x64.ActiveCfg = Release|x64
		{8FB0267E-86F0-4B0B-A102-F3ADA23BC04E}.Release|x64.Build.0 = Release|x64
		{8FB0267E-86F0-4B0B-A102-F3ADA23BC04E}.Release|x86.ActiveCfg = Release|Win32
		{8FB0267E-86F0-4B0B-A102-F3ADA23BC04E}.Release|x86.Build.0 = Release|Win32
		{CD053219-C737-4266-94A4-E522964DB500}.Debug|x64.ActiveCfg = Debug|x64
		{CD053219-C737-4266-94A4-E522964DB500}.Debug|x64.Build.0 = Debug|x64
		{CD053219-C737-4266-94A4-E522964DB500}.Debug|x86.ActiveCfg = Debug|Win32
		{CD053219-C737-4266-94A4-E522964DB500}.Debug|x86.Build.0 = Debug|Win32
		{CD053219-C737-4266-94A4-E522964DB500}.Release|x64.ActiveCfg = Release|x64
		{CD053219-C737-4266-94A4-E522964DB500}.Release|x64.Build.0 = Release|x64
		{CD053219-C737-4266-94A4-E522964DB500}.Release|x86.ActiveCfg = Release|Win32
		{CD053219-C737-4266-94A4-E522964DB500}.Release|x86.Build.0 = Release|Win32
		{A76A7F2A-A669-467E-91EB-96A2D9A945EA}.Debug|x64.ActiveCfg = Debug|x64
		{A76A7F2A-A669-467E-91EB-96A2D9A945EA}.Debug|x64.Build.0 = Debug|x64
		{A76A7F2A-A669-467E-91EB-96A2D9A945EA}.Debug|x86.ActiveCfg = Debug|Win32
		{A76A7F2A-A669-467E-91EB-96A2D9A945EA}.Debug|x86.Build.0 = Debug|Win32
		{A76A7F2A-A669-467E-91EB-96A2D9A945EA}.Release|x64.ActiveCfg = Release|x64
		{A76A7F2A-A669-467E-91EB-96A2D9A945EA}.Release|x64.Build.0 = Release|x64
		{A76A7F2A-A669-467E-91EB-96A2D9A945EA}.Release|x86.ActiveCfg = Release|Win32
		{A76A7F2A-A669-467E-91EB-96A2D9A945EA}.Release|x86.Build.0 = Release|Win32
		{4C9D47C6-1ED7-49D8-A8D6-E27E98871926}.Debug|x64.ActiveCfg = Debug|x64
		{4C9D47C6-1ED7-49D8-A8D6-E27E98871926}.Debug|x64.Build.0 = Debug|x64
		{4C9D47C6-1ED7-49D8-A8D6-E27E98871926}.Debug|x86.ActiveCfg = Debug|Win32
		{4C9D47C6-1ED7-49D8-A8D6-E27E98871926}.Debug|x86.Build.0 = Debug|Win32
		{4C9D47C6-1ED7-49D8-A8D6-E27E98871926}.Release|x64.ActiveCfg = Release|x64
		{4C9D47C6-1ED7-49D8-A8D6-E27E98871926}.Release|x64.Build.0 = Release|x64
		{4C9D47C6-1ED7-49D8-A8D6-E27E98871926}.Release|x86.ActiveCfg = Release|Win32
		{4C9D47C6-1ED7-49D8-A8D6-E27E98871926}.Release|x86.Build.0 = Release|Win32
		{0EE26FA3-4C07-45A1-9ED1-05A012EA47FB}.Debug|x64.ActiveCfg = Debug|x64
		{0EE26FA3-4C07-45A1-9ED1-05A012EA47FB}.Debug|x64.Build.0 = Debug|x64
		{0EE26FA3-4C07-45A1-9ED1-05A012EA47FB}.Debug|x86.ActiveCfg = Debug|Win32
		{0EE26FA3-4C07-45A1-9ED1-05A012EA47FB}.Debug|x86.Build.0 = Debug|Win32
		{0EE26FA3-4C07-45A1-9ED1-05A012EA47FB}.Release|x64.ActiveCfg = Release|x64
		{0EE26FA3-4C07-45A1-9ED1-05A012EA47FB}.Release|x64.Build.0 = Release|x64
		{0EE26FA3-4C07-45A1-9ED1-05A012EA47FB}.Release|x86.ActiveCfg = Release|Win32
		{0EE26FA3-4C07-45A1-9ED1-05A012EA47FB}.Release|x86.Build.0 = Release|Win32
		{79878837-1CF2-43C4-819B-7DDDC39A4646}.Debug|x64.ActiveCfg = Debug|x64
		{79878837-1CF2-43C4-819B-7DDDC39A4646}.Debug|x64.Build.0 = Debug|x64
		{79878837-1CF2-43C4-819B-7DDDC39A4646}.Debug|x86.ActiveCfg = Debug|Win32
		{79878837-1CF2-43C4-819B-7DDDC39A4646}.Debug|x86.Build.0 = Debug|Win32
		{79878837-1CF2-43C4-819B-7DDDC39A4646}.Release|x64.ActiveCfg = Release|x64
		{79878837-1CF2-43C4-819B-7DDDC39A4646}.Release|x64.Build.0 = Release|x64
		{79878837-1CF2-43C4-819B-7DDDC39A4646}.Release|x86.ActiveCfg = Release|Win32
		{79878837-1CF2-43C4-819B-7DDDC39A4646}.Release|x86.Build.0 = Release|Win32
		{5BD9E00C-6F79-451D-AFF7-12B59558D5A4}.Debug|x64.ActiveCfg = Debug|x64
		{5BD9E00C-6F79-451D-AFF7-12B59558D5A4}.Debug|x64.Build.0 = Debug|x64
		{5BD9E00C-6F79-451D-AFF7-12B59558D5A4}.Debug|x86.ActiveCfg = Debug|Win32
		{5BD9E00C-6F79-451D-AFF7-12B59558D5A4}.Debug|x86.Build.0 = Debug|Win32
		{5BD9E00C-6F79-451D-AFF7-12B59558D5A4}.Release|x64.ActiveCfg = Release|x64
		{5BD9E00C-6F79-451D-AFF7-12B59558D5A4}.Release|x64.Build.0 = Release|x64
		{5BD9E00C-6F79-451D-AFF7-12B59558D5A4}.Release|x86.ActiveCfg = Release|Win32
		{5BD9E00C-6F79-451D-AFF7-12B59558D5A4}.Release|x86.Build.0 = Release|Win32
		{20065E94-58B0-4798-A062-4CE070122C80}.Debug|x64.ActiveCfg = Debug|x64
		{20065E94-58B0-4798-A062-4CE070122C80}.Debug|x64.Build.0 = Debug|x64
		{20065E94-58B0-4798-A062-4CE070122C80}.Debug|x86.ActiveCfg = Debug|Win32
		{20065E94-58B0-4798-A062-4CE070122C80}.Debug|x86.Build.0 = Debug|Win32
		{20065E94-58B0-4798-A062-4CE070122C80}.Release|x64.ActiveCfg = Release|x64
		{20065E94-58B0-4798-A062-4CE070122C80}.Release|x64.Build.0 = Release|x64
		{20065E94-58B0-4798-A062-4CE070122C80}.Release|x86.ActiveCfg = Release|Win32
		{20065E94-58B0-4798-A062-4CE070122C80}.Release|x86.Build.0 = Release|Win32
		{6EF77289-D6C7-484A-A82A-60BE60B055DB}.Debug|x64.ActiveCfg = Debug|x64
		{6EF77289-D6C7-484A-A82A-60BE60B055DB}.Debug|x64.Build.0 = Debug|x64
		{6EF77289-D6C7-484A-A82A-60BE60B055DB}.Debug|x86.ActiveCfg = Debug|Win32
		{6EF77289-D6C7-484A-A82A-60BE60B055DB}.Debug|x86.Build.0 = Debug|Win32
		{6EF77289-D6C7-484A-A82A-60BE60B055DB}.Release|x64.ActiveCfg = Release|x64
		{6EF77289-D6C7-484A-A82A-60BE60B055DB}.Release|x64.Build.0 = Release|x64
		{6EF77289-D6C7-484A-A82A-60BE60B055DB}.Release|x86.ActiveCfg = Release|Win32
		{6EF77289-D6C7-484A-A82A-60BE60B055DB}.Release|x86.Build.0 = Release|Win32
		{449106D6-14E7-461C-B9CF-653DC055CDA2}.Debug|x64.ActiveCfg = Debug|x64
		{449106D6-14E7-461C-B9CF-653DC055CDA2}.Debug|x64.Build.0 = Debug|x64
		{449106D6-14E7-461C-B9CF-653DC055CDA2}.Debug|x86.ActiveCfg = Debug|Win32
		{449106D6-14E7-461C-B9CF-653DC055CDA2}.Debug|x86.Build.0 = Debug|Win32
		{449106D6-14E7-461C-B9CF-653DC055CDA2}.Release|x64.ActiveCfg = Release|x64
		{449106D6-14E7-461C-B9CF-653DC055CDA2}.Release|x64.Build.0 = Release|x64
		{449106D6-14E7-461C-B9CF-653DC055CDA2}.Release|x86.ActiveCfg = Release|Win32
		{449106D6-14E7-461C-B9CF-653DC055CDA2}.Release|x86.Build.0 = Release|Win32
	EndGlobalSection
	GlobalSection(SolutionProperties) = preSolution
		HideSolutionNode = FALSE
	EndGlobalSection
	GlobalSection(ExtensibilityGlobals) = postSolution
		SolutionGuid = {A617F507-CDC1-44B9-ACB4-953DE1F2A529}
	EndGlobalSection
EndGlobal
