
Microsoft Visual Studio Solution File, Format Version 12.00
# Visual Studio Version 17
VisualStudioVersion = 17.11.35312.102
MinimumVisualStudioVersion = 10.0.40219.1
Project("{8BC9CEB8-8B4A-11D0-8D11-00A0C91BC942}") = "2025.03.14_HW1", "2025.03.14_HW1\2025.03.14_HW1.vcxproj", "{322DEA16-2EFE-4E67-9408-E1FAAB214DFF}"
EndProject
Global
	GlobalSection(SolutionConfigurationPlatforms) = preSolution
		Debug|x64 = Debug|x64
		Debug|x86 = Debug|x86
		Release|x64 = Release|x64
		Release|x86 = Release|x86
	EndGlobalSection
	GlobalSection(ProjectConfigurationPlatforms) = postSolution
		{322DEA16-2EFE-4E67-9408-E1FAAB214DFF}.Debug|x64.ActiveCfg = Debug|x64
		{322DEA16-2EFE-4E67-9408-E1FAAB214DFF}.Debug|x64.Build.0 = Debug|x64
		{322DEA16-2EFE-4E67-9408-E1FAAB214DFF}.Debug|x86.ActiveCfg = Debug|Win32
		{322DEA16-2EFE-4E67-9408-E1FAAB214DFF}.Debug|x86.Build.0 = Debug|Win32
		{322DEA16-2EFE-4E67-9408-E1FAAB214DFF}.Release|x64.ActiveCfg = Release|x64
		{322DEA16-2EFE-4E67-9408-E1FAAB214DFF}.Release|x64.Build.0 = Release|x64
		{322DEA16-2EFE-4E67-9408-E1FAAB214DFF}.Release|x86.ActiveCfg = Release|Win32
		{322DEA16-2EFE-4E67-9408-E1FAAB214DFF}.Release|x86.Build.0 = Release|Win32
	EndGlobalSection
	GlobalSection(SolutionProperties) = preSolution
		HideSolutionNode = FALSE
	EndGlobalSection
	GlobalSection(ExtensibilityGlobals) = postSolution
		SolutionGuid = {174D87D5-8BA6-4B1E-8442-4EF8CD86080C}
	EndGlobalSection
EndGlobal
